
Microsoft Visual Studio Solution File, Format Version 12.00
# Visual Studio Version 17
VisualStudioVersion = 17.3.32804.467
MinimumVisualStudioVersion = 10.0.40219.1
Project("{FAE04EC0-301F-11D3-BF4B-00C04F79EFBC}") = "SchoolWebform", "SchoolWebform\SchoolWebform.csproj", "{532B57B0-43B2-4F69-AFF3-B135037E0AB8}"
EndProject
Global
	GlobalSection(SolutionConfigurationPlatforms) = preSolution
		Debug|Any CPU = Debug|Any CPU
		Release|Any CPU = Release|Any CPU
	EndGlobalSection
	GlobalSection(ProjectConfigurationPlatforms) = postSolution
		{532B57B0-43B2-4F69-AFF3-B135037E0AB8}.Debug|Any CPU.ActiveCfg = Debug|Any CPU
		{532B57B0-43B2-4F69-AFF3-B135037E0AB8}.Debug|Any CPU.Build.0 = Debug|Any CPU
		{532B57B0-43B2-4F69-AFF3-B135037E0AB8}.Release|Any CPU.ActiveCfg = Release|Any CPU
		{532B57B0-43B2-4F69-AFF3-B135037E0AB8}.Release|Any CPU.Build.0 = Release|Any CPU
	EndGlobalSection
	GlobalSection(SolutionProperties) = preSolution
		HideSolutionNode = FALSE
	EndGlobalSection
	GlobalSection(ExtensibilityGlobals) = postSolution
		SolutionGuid = {5D1932FA-6759-4B21-B6CD-EE3CA1846DE9}
	EndGlobalSection
EndGlobal
